
Microsoft Visual Studio Solution File, Format Version 12.00
# Visual Studio 15
VisualStudioVersion = 15.0.27130.2003
MinimumVisualStudioVersion = 10.0.40219.1
Project("{8BC9CEB8-8B4A-11D0-8D11-00A0C91BC942}") = "Server", "Server\Server.vcxproj", "{15CD37C4-F62F-496F-8F51-E4558021A4CF}"
EndProject
Project("{8BC9CEB8-8B4A-11D0-8D11-00A0C91BC942}") = "Client", "Client\Client.vcxproj", "{5EA07A84-048F-49CB-A197-7C75CD421A60}"
EndProject
Global
	GlobalSection(SolutionConfigurationPlatforms) = preSolution
		Debug|x64 = Debug|x64
		Debug|x86 = Debug|x86
		Release|x64 = Release|x64
		Release|x86 = Release|x86
	EndGlobalSection
	GlobalSection(ProjectConfigurationPlatforms) = postSolution
		{15CD37C4-F62F-496F-8F51-E4558021A4CF}.Debug|x64.ActiveCfg = Debug|x64
		{15CD37C4-F62F-496F-8F51-E4558021A4CF}.Debug|x64.Build.0 = Debug|x64
		{15CD37C4-F62F-496F-8F51-E4558021A4CF}.Debug|x86.ActiveCfg = Debug|Win32
		{15CD37C4-F62F-496F-8F51-E4558021A4CF}.Debug|x86.Build.0 = Debug|Win32
		{15CD37C4-F62F-496F-8F51-E4558021A4CF}.Release|x64.ActiveCfg = Release|x64
		{15CD37C4-F62F-496F-8F51-E4558021A4CF}.Release|x64.Build.0 = Release|x64
		{15CD37C4-F62F-496F-8F51-E4558021A4CF}.Release|x86.ActiveCfg = Release|Win32
		{15CD37C4-F62F-496F-8F51-E4558021A4CF}.Release|x86.Build.0 = Release|Win32
		{5EA07A84-048F-49CB-A197-7C75CD421A60}.Debug|x64.ActiveCfg = Debug|x64
		{5EA07A84-048F-49CB-A197-7C75CD421A60}.Debug|x64.Build.0 = Debug|x64
		{5EA07A84-048F-49CB-A197-7C75CD421A60}.Debug|x86.ActiveCfg = Debug|Win32
		{5EA07A84-048F-49CB-A197-7C75CD421A60}.Debug|x86.Build.0 = Debug|Win32
		{5EA07A84-048F-49CB-A197-7C75CD421A60}.Release|x64.ActiveCfg = Release|x64
		{5EA07A84-048F-49CB-A197-7C75CD421A60}.Release|x64.Build.0 = Release|x64
		{5EA07A84-048F-49CB-A197-7C75CD421A60}.Release|x86.ActiveCfg = Release|Win32
		{5EA07A84-048F-49CB-A197-7C75CD421A60}.Release|x86.Build.0 = Release|Win32
	EndGlobalSection
	GlobalSection(SolutionProperties) = preSolution
		HideSolutionNode = FALSE
	EndGlobalSection
	GlobalSection(ExtensibilityGlobals) = postSolution
		SolutionGuid = {0CD08F7C-070B-4F2A-A3E3-28266771E7DC}
	EndGlobalSection
EndGlobal
